
Microsoft Visual Studio Solution File, Format Version 12.00
# Visual Studio 15
VisualStudioVersion = 15.0.28307.705
MinimumVisualStudioVersion = 10.0.40219.1
Project("{8BC9CEB8-8B4A-11D0-8D11-00A0C91BC942}") = "贪吃蛇", "贪吃蛇\贪吃蛇.vcxproj", "{EBE515E0-DFCB-45A6-9957-2379D8FD1924}"
EndProject
Project("{8BC9CEB8-8B4A-11D0-8D11-00A0C91BC942}") = "贪吃蛇_重构", "贪吃蛇_重构\贪吃蛇_重构.vcxproj", "{98BA5392-CFF0-4FC7-8A8D-BE48BFC4BC3B}"
EndProject
Project("{9A19103F-16F7-4668-BE54-9A1E7A4F7556}") = "Snake_CSharp", "Snake_CSharp\Snake_CSharp.csproj", "{2A8E0C36-A32C-4820-A302-EADB746407B9}"
EndProject
Project("{2150E333-8FDC-42A3-9474-1A3956D46DE8}") = "Solution Items", "Solution Items", "{58FA675A-5479-443B-8742-71A103A3FD36}"
	ProjectSection(SolutionItems) = preProject
		README.md = README.md
	EndProjectSection
EndProject
Project("{8BC9CEB8-8B4A-11D0-8D11-00A0C91BC942}") = "Snake_Qt", "Snake_Qt\Snake.vcxproj", "{B12702AD-ABFB-343A-A199-8E24837244A3}"
EndProject
Global
	GlobalSection(SolutionConfigurationPlatforms) = preSolution
		Debug|Any CPU = Debug|Any CPU
		Debug|x64 = Debug|x64
		Debug|x86 = Debug|x86
		Release|Any CPU = Release|Any CPU
		Release|x64 = Release|x64
		Release|x86 = Release|x86
	EndGlobalSection
	GlobalSection(ProjectConfigurationPlatforms) = postSolution
		{EBE515E0-DFCB-45A6-9957-2379D8FD1924}.Debug|Any CPU.ActiveCfg = Debug|Win32
		{EBE515E0-DFCB-45A6-9957-2379D8FD1924}.Debug|x64.ActiveCfg = Debug|x64
		{EBE515E0-DFCB-45A6-9957-2379D8FD1924}.Debug|x64.Build.0 = Debug|x64
		{EBE515E0-DFCB-45A6-9957-2379D8FD1924}.Debug|x86.ActiveCfg = Debug|Win32
		{EBE515E0-DFCB-45A6-9957-2379D8FD1924}.Debug|x86.Build.0 = Debug|Win32
		{EBE515E0-DFCB-45A6-9957-2379D8FD1924}.Release|Any CPU.ActiveCfg = Release|Win32
		{EBE515E0-DFCB-45A6-9957-2379D8FD1924}.Release|x64.ActiveCfg = Release|x64
		{EBE515E0-DFCB-45A6-9957-2379D8FD1924}.Release|x64.Build.0 = Release|x64
		{EBE515E0-DFCB-45A6-9957-2379D8FD1924}.Release|x86.ActiveCfg = Release|Win32
		{EBE515E0-DFCB-45A6-9957-2379D8FD1924}.Release|x86.Build.0 = Release|Win32
		{98BA5392-CFF0-4FC7-8A8D-BE48BFC4BC3B}.Debug|Any CPU.ActiveCfg = Debug|Win32
		{98BA5392-CFF0-4FC7-8A8D-BE48BFC4BC3B}.Debug|x64.ActiveCfg = Debug|x64
		{98BA5392-CFF0-4FC7-8A8D-BE48BFC4BC3B}.Debug|x64.Build.0 = Debug|x64
		{98BA5392-CFF0-4FC7-8A8D-BE48BFC4BC3B}.Debug|x86.ActiveCfg = Debug|Win32
		{98BA5392-CFF0-4FC7-8A8D-BE48BFC4BC3B}.Debug|x86.Build.0 = Debug|Win32
		{98BA5392-CFF0-4FC7-8A8D-BE48BFC4BC3B}.Release|Any CPU.ActiveCfg = Release|Win32
		{98BA5392-CFF0-4FC7-8A8D-BE48BFC4BC3B}.Release|x64.ActiveCfg = Release|x64
		{98BA5392-CFF0-4FC7-8A8D-BE48BFC4BC3B}.Release|x64.Build.0 = Release|x64
		{98BA5392-CFF0-4FC7-8A8D-BE48BFC4BC3B}.Release|x86.ActiveCfg = Release|Win32
		{98BA5392-CFF0-4FC7-8A8D-BE48BFC4BC3B}.Release|x86.Build.0 = Release|Win32
		{2A8E0C36-A32C-4820-A302-EADB746407B9}.Debug|Any CPU.ActiveCfg = Debug|Any CPU
		{2A8E0C36-A32C-4820-A302-EADB746407B9}.Debug|Any CPU.Build.0 = Debug|Any CPU
		{2A8E0C36-A32C-4820-A302-EADB746407B9}.Debug|x64.ActiveCfg = Debug|Any CPU
		{2A8E0C36-A32C-4820-A302-EADB746407B9}.Debug|x64.Build.0 = Debug|Any CPU
		{2A8E0C36-A32C-4820-A302-EADB746407B9}.Debug|x86.ActiveCfg = Debug|Any CPU
		{2A8E0C36-A32C-4820-A302-EADB746407B9}.Debug|x86.Build.0 = Debug|Any CPU
		{2A8E0C36-A32C-4820-A302-EADB746407B9}.Release|Any CPU.ActiveCfg = Release|Any CPU
		{2A8E0C36-A32C-4820-A302-EADB746407B9}.Release|Any CPU.Build.0 = Release|Any CPU
		{2A8E0C36-A32C-4820-A302-EADB746407B9}.Release|x64.ActiveCfg = Release|Any CPU
		{2A8E0C36-A32C-4820-A302-EADB746407B9}.Release|x64.Build.0 = Release|Any CPU
		{2A8E0C36-A32C-4820-A302-EADB746407B9}.Release|x86.ActiveCfg = Release|Any CPU
		{2A8E0C36-A32C-4820-A302-EADB746407B9}.Release|x86.Build.0 = Release|Any CPU
		{B12702AD-ABFB-343A-A199-8E24837244A3}.Debug|Any CPU.ActiveCfg = Debug|Win32
		{B12702AD-ABFB-343A-A199-8E24837244A3}.Debug|x64.ActiveCfg = Debug|Win32
		{B12702AD-ABFB-343A-A199-8E24837244A3}.Debug|x86.ActiveCfg = Debug|Win32
		{B12702AD-ABFB-343A-A199-8E24837244A3}.Debug|x86.Build.0 = Debug|Win32
		{B12702AD-ABFB-343A-A199-8E24837244A3}.Release|Any CPU.ActiveCfg = Release|Win32
		{B12702AD-ABFB-343A-A199-8E24837244A3}.Release|x64.ActiveCfg = Release|Win32
		{B12702AD-ABFB-343A-A199-8E24837244A3}.Release|x86.ActiveCfg = Release|Win32
		{B12702AD-ABFB-343A-A199-8E24837244A3}.Release|x86.Build.0 = Release|Win32
	EndGlobalSection
	GlobalSection(SolutionProperties) = preSolution
		HideSolutionNode = FALSE
	EndGlobalSection
	GlobalSection(ExtensibilityGlobals) = postSolution
		SolutionGuid = {D82EECCD-4054-43DF-96DE-0E6BA64940DF}
	EndGlobalSection
EndGlobal
