
Microsoft Visual Studio Solution File, Format Version 12.00
# Visual Studio 14
VisualStudioVersion = 14.0.25420.1
MinimumVisualStudioVersion = 10.0.40219.1
Project("{8BC9CEB8-8B4A-11D0-8D11-00A0C91BC942}") = "贪吃蛇", "贪吃蛇\贪吃蛇.vcxproj", "{EBE515E0-DFCB-45A6-9957-2379D8FD1924}"
EndProject
Project("{8BC9CEB8-8B4A-11D0-8D11-00A0C91BC942}") = "贪吃蛇_重构", "贪吃蛇_重构\贪吃蛇_重构.vcxproj", "{98BA5392-CFF0-4FC7-8A8D-BE48BFC4BC3B}"
EndProject
Global
	GlobalSection(SolutionConfigurationPlatforms) = preSolution
		Debug|x64 = Debug|x64
		Debug|x86 = Debug|x86
		Release|x64 = Release|x64
		Release|x86 = Release|x86
	EndGlobalSection
	GlobalSection(ProjectConfigurationPlatforms) = postSolution
		{EBE515E0-DFCB-45A6-9957-2379D8FD1924}.Debug|x64.ActiveCfg = Debug|x64
		{EBE515E0-DFCB-45A6-9957-2379D8FD1924}.Debug|x64.Build.0 = Debug|x64
		{EBE515E0-DFCB-45A6-9957-2379D8FD1924}.Debug|x86.ActiveCfg = Debug|Win32
		{EBE515E0-DFCB-45A6-9957-2379D8FD1924}.Debug|x86.Build.0 = Debug|Win32
		{EBE515E0-DFCB-45A6-9957-2379D8FD1924}.Release|x64.ActiveCfg = Release|x64
		{EBE515E0-DFCB-45A6-9957-2379D8FD1924}.Release|x64.Build.0 = Release|x64
		{EBE515E0-DFCB-45A6-9957-2379D8FD1924}.Release|x86.ActiveCfg = Release|Win32
		{EBE515E0-DFCB-45A6-9957-2379D8FD1924}.Release|x86.Build.0 = Release|Win32
		{98BA5392-CFF0-4FC7-8A8D-BE48BFC4BC3B}.Debug|x64.ActiveCfg = Debug|x64
		{98BA5392-CFF0-4FC7-8A8D-BE48BFC4BC3B}.Debug|x64.Build.0 = Debug|x64
		{98BA5392-CFF0-4FC7-8A8D-BE48BFC4BC3B}.Debug|x86.ActiveCfg = Debug|Win32
		{98BA5392-CFF0-4FC7-8A8D-BE48BFC4BC3B}.Debug|x86.Build.0 = Debug|Win32
		{98BA5392-CFF0-4FC7-8A8D-BE48BFC4BC3B}.Release|x64.ActiveCfg = Release|x64
		{98BA5392-CFF0-4FC7-8A8D-BE48BFC4BC3B}.Release|x64.Build.0 = Release|x64
		{98BA5392-CFF0-4FC7-8A8D-BE48BFC4BC3B}.Release|x86.ActiveCfg = Release|Win32
		{98BA5392-CFF0-4FC7-8A8D-BE48BFC4BC3B}.Release|x86.Build.0 = Release|Win32
	EndGlobalSection
	GlobalSection(SolutionProperties) = preSolution
		HideSolutionNode = FALSE
	EndGlobalSection
EndGlobal
