<?xml version="1.0" encoding="utf-8"?>
<Project ToolsVersion="4.0" xmlns="http://schemas.microsoft.com/developer/msbuild/2003">
  <ItemGroup>
    <Filter Include="Generated Files">
      <UniqueIdentifier>{71ED8ED8-ACB9-4CE9-BBE1-E00B30144E11}</UniqueIdentifier>
      <Extensions>moc;h;cpp</Extensions>
      <SourceControlFiles>False</SourceControlFiles>
    </Filter>
    <Filter Include="Generated Files\Debug">
      <UniqueIdentifier>{8de0b986-54f0-4c46-9812-aa901de7e458}</UniqueIdentifier>
      <Extensions>cpp;moc</Extensions>
      <SourceControlFiles>False</SourceControlFiles>
    </Filter>
    <Filter Include="Generated Files\Release">
      <UniqueIdentifier>{f2e1dfc6-4589-4a9e-9838-f46dc88608de}</UniqueIdentifier>
      <Extensions>cpp;moc</Extensions>
      <SourceControlFiles>False</SourceControlFiles>
    </Filter>
    <Filter Include="游戏主窗口">
      <UniqueIdentifier>{e3d6f5c0-bfe9-44da-8654-2b9920828475}</UniqueIdentifier>
    </Filter>
    <Filter Include="场景">
      <UniqueIdentifier>{cf340889-f992-404f-b823-dff3192ee111}</UniqueIdentifier>
    </Filter>
    <Filter Include="场景\游戏主场景">
      <UniqueIdentifier>{c46a1865-4f23-4da2-b204-042a931252fe}</UniqueIdentifier>
    </Filter>
    <Filter Include="导演">
      <UniqueIdentifier>{ed311fc2-97a5-4b33-b22c-3f1c45f70369}</UniqueIdentifier>
    </Filter>
    <Filter Include="场景\开始场景">
      <UniqueIdentifier>{78e24079-8996-45d3-abf6-715c3a13fb8a}</UniqueIdentifier>
    </Filter>
    <Filter Include="场景\最高分场景">
      <UniqueIdentifier>{bd890d04-8eac-40f9-ad05-46e915ad2967}</UniqueIdentifier>
    </Filter>
    <Filter Include="设置">
      <UniqueIdentifier>{5cc00a69-7182-46d3-af73-153f63b86b30}</UniqueIdentifier>
    </Filter>
    <Filter Include="场景\设置场景">
      <UniqueIdentifier>{a1a69375-784a-4fc9-8059-d3131eb293ef}</UniqueIdentifier>
    </Filter>
    <Filter Include="场景\主题选择场景">
      <UniqueIdentifier>{1ecb327d-cffd-4184-b180-1dc0644569e4}</UniqueIdentifier>
    </Filter>
    <Filter Include="Resource Files">
      <UniqueIdentifier>{D9D6E242-F8AF-46E4-B9FD-80ECBC20BA3E}</UniqueIdentifier>
      <Extensions>qrc;*</Extensions>
      <ParseFiles>false</ParseFiles>
    </Filter>
    <Filter Include="场景\难度选择场景">
      <UniqueIdentifier>{7efd62a9-e3d5-437d-a99b-6683f7696479}</UniqueIdentifier>
    </Filter>
    <Filter Include="精灵">
      <UniqueIdentifier>{fa760eb7-2eab-4db8-a7dd-2c1bbe35dc19}</UniqueIdentifier>
    </Filter>
    <Filter Include="精灵\蛇">
      <UniqueIdentifier>{4a20a6a2-590d-4d8a-b55e-66095973d993}</UniqueIdentifier>
    </Filter>
    <Filter Include="精灵\食物">
      <UniqueIdentifier>{2013d40a-f033-4dff-9d7b-8b9a372e6c82}</UniqueIdentifier>
    </Filter>
  </ItemGroup>
  <ItemGroup>
    <ClCompile Include="main.cpp" />
    <ClCompile Include="GeneratedFiles\Debug\moc_Window.cpp">
      <Filter>Generated Files\Debug</Filter>
    </ClCompile>
    <ClCompile Include="GeneratedFiles\Release\moc_Window.cpp">
      <Filter>Generated Files\Release</Filter>
    </ClCompile>
    <ClCompile Include="Window.cpp">
      <Filter>游戏主窗口</Filter>
    </ClCompile>
    <ClCompile Include="GeneratedFiles\Debug\moc_GameScene.cpp">
      <Filter>Generated Files\Debug</Filter>
    </ClCompile>
    <ClCompile Include="GeneratedFiles\Release\moc_GameScene.cpp">
      <Filter>Generated Files\Release</Filter>
    </ClCompile>
    <ClCompile Include="GameScene.cpp">
      <Filter>场景\游戏主场景</Filter>
    </ClCompile>
    <ClCompile Include="GeneratedFiles\Debug\moc_Scene.cpp">
      <Filter>Generated Files\Debug</Filter>
    </ClCompile>
    <ClCompile Include="GeneratedFiles\Release\moc_Scene.cpp">
      <Filter>Generated Files\Release</Filter>
    </ClCompile>
    <ClCompile Include="Scene.cpp">
      <Filter>场景</Filter>
    </ClCompile>
    <ClCompile Include="Director.cpp">
      <Filter>导演</Filter>
    </ClCompile>
    <ClCompile Include="GeneratedFiles\Debug\moc_StartScene.cpp">
      <Filter>Generated Files\Debug</Filter>
    </ClCompile>
    <ClCompile Include="GeneratedFiles\Release\moc_StartScene.cpp">
      <Filter>Generated Files\Release</Filter>
    </ClCompile>
    <ClCompile Include="StartScene.cpp">
      <Filter>场景\开始场景</Filter>
    </ClCompile>
    <ClCompile Include="Config.cpp">
      <Filter>设置</Filter>
    </ClCompile>
    <ClCompile Include="HighestScoreScene.cpp">
      <Filter>场景\最高分场景</Filter>
    </ClCompile>
    <ClCompile Include="GeneratedFiles\Debug\moc_HighestScoreScene.cpp">
      <Filter>Generated Files\Debug</Filter>
    </ClCompile>
    <ClCompile Include="GeneratedFiles\Release\moc_HighestScoreScene.cpp">
      <Filter>Generated Files\Release</Filter>
    </ClCompile>
    <ClCompile Include="GeneratedFiles\Debug\moc_SettingScene.cpp">
      <Filter>Generated Files\Debug</Filter>
    </ClCompile>
    <ClCompile Include="GeneratedFiles\Release\moc_SettingScene.cpp">
      <Filter>Generated Files\Release</Filter>
    </ClCompile>
    <ClCompile Include="SettingScene.cpp">
      <Filter>场景\设置场景</Filter>
    </ClCompile>
    <ClCompile Include="GeneratedFiles\Debug\moc_ThemeChooseScene.cpp">
      <Filter>Generated Files\Debug</Filter>
    </ClCompile>
    <ClCompile Include="GeneratedFiles\Release\moc_ThemeChooseScene.cpp">
      <Filter>Generated Files\Release</Filter>
    </ClCompile>
    <ClCompile Include="ThemeChooseScene.cpp">
      <Filter>场景\主题选择场景</Filter>
    </ClCompile>
    <ClCompile Include="DifficultyChooseScene.cpp">
      <Filter>场景\难度选择场景</Filter>
    </ClCompile>
    <ClCompile Include="GeneratedFiles\Debug\moc_DifficultyChooseScene.cpp">
      <Filter>Generated Files\Debug</Filter>
    </ClCompile>
    <ClCompile Include="GeneratedFiles\Release\moc_DifficultyChooseScene.cpp">
      <Filter>Generated Files\Release</Filter>
    </ClCompile>
    <ClCompile Include="Snake.cpp">
      <Filter>精灵\蛇</Filter>
    </ClCompile>
    <ClCompile Include="Food.cpp">
      <Filter>精灵\食物</Filter>
    </ClCompile>
    <ClCompile Include="GeneratedFiles\qrc_Snake_Qt.cpp">
      <Filter>Generated Files</Filter>
    </ClCompile>
  </ItemGroup>
  <ItemGroup>
    <CustomBuild Include="Window.h">
      <Filter>游戏主窗口</Filter>
    </CustomBuild>
    <CustomBuild Include="GameScene.h">
      <Filter>场景\游戏主场景</Filter>
    </CustomBuild>
    <CustomBuild Include="Scene.h">
      <Filter>场景</Filter>
    </CustomBuild>
    <CustomBuild Include="StartScene.h">
      <Filter>场景\开始场景</Filter>
    </CustomBuild>
    <CustomBuild Include="HighestScoreScene.h">
      <Filter>场景\最高分场景</Filter>
    </CustomBuild>
    <CustomBuild Include="SettingScene.h">
      <Filter>场景\设置场景</Filter>
    </CustomBuild>
    <CustomBuild Include="ThemeChooseScene.h">
      <Filter>场景\主题选择场景</Filter>
    </CustomBuild>
    <CustomBuild Include="DifficultyChooseScene.h">
      <Filter>场景\难度选择场景</Filter>
    </CustomBuild>
    <CustomBuild Include="Snake_Qt.qrc">
      <Filter>Resource Files</Filter>
    </CustomBuild>
  </ItemGroup>
  <ItemGroup>
    <ClInclude Include="Director.h">
      <Filter>导演</Filter>
    </ClInclude>
    <ClInclude Include="Config.h">
      <Filter>设置</Filter>
    </ClInclude>
    <ClInclude Include="Snake.h">
      <Filter>精灵\蛇</Filter>
    </ClInclude>
    <ClInclude Include="Food.h">
      <Filter>精灵\食物</Filter>
    </ClInclude>
  </ItemGroup>
  <ItemGroup>
    <None Include="README.md" />
  </ItemGroup>
</Project>